
Microsoft Visual Studio Solution File, Format Version 12.00
# Visual Studio Version 16
VisualStudioVersion = 16.0.30413.136
MinimumVisualStudioVersion = 10.0.40219.1
Project("{FAE04EC0-301F-11D3-BF4B-00C04F79EFBC}") = "quiz-backend", "quiz-backend\quiz-backend.csproj", "{61E5B520-D712-4B3E-B786-B4BCD73D5A70}"
EndProject
Global
	GlobalSection(SolutionConfigurationPlatforms) = preSolution
		Debug|Any CPU = Debug|Any CPU
		Release|Any CPU = Release|Any CPU
	EndGlobalSection
	GlobalSection(ProjectConfigurationPlatforms) = postSolution
		{61E5B520-D712-4B3E-B786-B4BCD73D5A70}.Debug|Any CPU.ActiveCfg = Debug|Any CPU
		{61E5B520-D712-4B3E-B786-B4BCD73D5A70}.Debug|Any CPU.Build.0 = Debug|Any CPU
		{61E5B520-D712-4B3E-B786-B4BCD73D5A70}.Release|Any CPU.ActiveCfg = Release|Any CPU
		{61E5B520-D712-4B3E-B786-B4BCD73D5A70}.Release|Any CPU.Build.0 = Release|Any CPU
	EndGlobalSection
	GlobalSection(SolutionProperties) = preSolution
		HideSolutionNode = FALSE
	EndGlobalSection
	GlobalSection(ExtensibilityGlobals) = postSolution
		SolutionGuid = {664E5E1A-DB3C-4482-9F99-F2FCEF9A9BCC}
	EndGlobalSection
EndGlobal
